<?xml version="1.0" encoding="UTF-8" standalone="yes" ?>
<CodeBlocks_project_file>
	<FileVersion major="1" minor="6" />
	<Project>
		<Option title="PlanarWar" />
		<Option pch_mode="2" />
		<Option compiler="gcc" />
		<Build>
			<Target title="Debug">
				<Option output="bin/Debug/PlanarWar" prefix_auto="1" extension_auto="1" />
				<Option object_output="obj/Debug/" />
				<Option type="1" />
				<Option compiler="gcc" />
				<Compiler>
					<Add option="-g" />
					<Add directory="C:/Users/alexr/Documents/Projet1/PlanarWar/lib" />
					<Add directory="C:/Users/alexr/Documents/Projet1/PlanarWar/include" />
				</Compiler>
				<Linker>
					<Add option="-lraylib" />
					<Add directory="C:/Users/alexr/Documents/Projet1/PlanarWar/lib" />
					<Add directory="C:/Users/alexr/Documents/Projet1/PlanarWar/include" />
				</Linker>
			</Target>
			<Target title="Release">
				<Option output="bin/Release/TronProject" prefix_auto="1" extension_auto="1" />
				<Option object_output="obj/Release/" />
				<Option type="1" />
				<Option compiler="gcc" />
				<Compiler>
					<Add option="-O2" />
					<Add directory="C:/Users/alexr/Documents/Projet1/planarwar/include" />
					<Add directory="C:/Users/alexr/Documents/Projet1/planarwar/lib" />
				</Compiler>
				<Linker>
					<Add option="-s" />
					<Add option="-lraylib" />
					<Add directory="C:/Users/alexr/Documents/Projet1/planarwar/include" />
					<Add directory="C:/Users/alexr/Documents/Projet1/planarwar/lib" />
				</Linker>
			</Target>
		</Build>
		<Compiler>
			<Add option="-Wall" />
		</Compiler>
		<Unit filename="include/stb_perlin.h" />
		<Unit filename="src/Colors.c">
			<Option compilerVar="CC" />
		</Unit>
		<Unit filename="src/Colors.h" />
		<Unit filename="src/Fruits.c">
			<Option compilerVar="CC" />
		</Unit>
		<Unit filename="src/Fruits.h" />
		<Unit filename="src/Parameters.h" />
		<Unit filename="src/Snakes.c">
			<Option compilerVar="CC" />
		</Unit>
		<Unit filename="src/Snakes.h" />
		<Unit filename="src/Tutorial.c">
			<Option compilerVar="CC" />
		</Unit>
		<Unit filename="src/Tutorial.h" />
		<Unit filename="src/background.c">
			<Option compilerVar="CC" />
		</Unit>
		<Unit filename="src/background.h" />
		<Unit filename="src/main.c">
			<Option compilerVar="CC" />
		</Unit>
		<Extensions>
			<code_completion />
			<envvars />
			<debugger />
			<lib_finder disable_auto="1" />
		</Extensions>
	</Project>
</CodeBlocks_project_file>
